
Microsoft Visual Studio Solution File, Format Version 12.00
# Visual Studio 14
VisualStudioVersion = 14.0.23107.0
MinimumVisualStudioVersion = 10.0.40219.1
Project("{2150E333-8FDC-42A3-9474-1A3956D46DE8}") = "src", "src", "{34DDD30F-0775-47EA-833B-8311879644B8}"
EndProject
Project("{2150E333-8FDC-42A3-9474-1A3956D46DE8}") = "Solution Items", "Solution Items", "{17C90169-770C-47CF-A4A1-410EE414CB52}"
	ProjectSection(SolutionItems) = preProject
		NuGet.Config = NuGet.Config
	EndProjectSection
EndProject
Project("{8BB2217D-0F2D-49D1-97BC-3654ED321F3B}") = "SimonTan", "src\SimonTan\SimonTan.xproj", "{A32C0079-D2F1-41AC-9703-E5C333EC845E}"
EndProject
Global
	GlobalSection(SolutionConfigurationPlatforms) = preSolution
		Debug|Any CPU = Debug|Any CPU
		Release|Any CPU = Release|Any CPU
	EndGlobalSection
	GlobalSection(ProjectConfigurationPlatforms) = postSolution
		{A32C0079-D2F1-41AC-9703-E5C333EC845E}.Debug|Any CPU.ActiveCfg = Debug|Any CPU
		{A32C0079-D2F1-41AC-9703-E5C333EC845E}.Debug|Any CPU.Build.0 = Debug|Any CPU
		{A32C0079-D2F1-41AC-9703-E5C333EC845E}.Release|Any CPU.ActiveCfg = Release|Any CPU
		{A32C0079-D2F1-41AC-9703-E5C333EC845E}.Release|Any CPU.Build.0 = Release|Any CPU
	EndGlobalSection
	GlobalSection(SolutionProperties) = preSolution
		HideSolutionNode = FALSE
	EndGlobalSection
	GlobalSection(NestedProjects) = preSolution
		{A32C0079-D2F1-41AC-9703-E5C333EC845E} = {34DDD30F-0775-47EA-833B-8311879644B8}
	EndGlobalSection
EndGlobal
